PODS:
  - Firebase/Auth (3.17.0):
    - Firebase/Core
    - FirebaseAuth (= 3.1.1)
  - Firebase/Core (3.17.0):
    - FirebaseAnalytics (= 3.9.0)
    - FirebaseCore (= 3.6.0)
  - Firebase/Database (3.17.0):
    - Firebase/Core
    - FirebaseDatabase (= 3.1.2)
  - Firebase/Storage (3.17.0):
    - Firebase/Core
    - FirebaseStorage (= 1.1.0)
  - firebase_analytics (0.0.1):
    - Firebase/Core
    - Flutter
  - firebase_auth (0.0.1):
    - Firebase/Auth
    - Firebase/Core
    - FirebaseUI/Auth (~> 3.0)
    - FirebaseUI/Google
    - Flutter
    - Google/SignIn
  - firebase_database (0.0.1):
    - Firebase/Database
    - Flutter
  - firebase_storage (0.0.1):
    - Firebase/Storage
    - Flutter
  - FirebaseAnalytics (3.9.0):
    - FirebaseCore (~> 3.6)
    - FirebaseInstanceID (~> 1.0)
    - "GoogleToolboxForMac/NSData+zlib (~> 2.1)"
  - FirebaseAuth (3.1.1):
    - FirebaseAnalytics (~> 3.7)
    - "GoogleToolboxForMac/NSDictionary+URLArguments (~> 2.1)"
    - GTMSessionFetcher/Core (~> 1.1)
  - FirebaseCore (3.6.0):
    - "GoogleToolboxForMac/NSData+zlib (~> 2.1)"
  - FirebaseDatabase (3.1.2):
    - FirebaseAnalytics (~> 3.7)
  - FirebaseInstanceID (1.0.10):
    - FirebaseCore (~> 3.6)
  - FirebaseStorage (1.1.0):
    - FirebaseAnalytics (~> 3.7)
    - GTMSessionFetcher/Core (~> 1.1)
  - FirebaseUI/Auth (3.1.1):
    - Firebase/Auth
  - FirebaseUI/Google (3.1.1):
    - FirebaseUI/Auth
    - GoogleSignIn (~> 4.0)
  - Flutter (1.0.0)
  - Google/Core (3.1.0):
    - FirebaseAnalytics (~> 3.2)
  - Google/SignIn (3.1.0):
    - Google/Core
    - GoogleSignIn (~> 4.0)
  - google_sign_in (0.0.1):
    - Flutter
    - GoogleSignIn (~> 4.0)
  - GoogleSignIn (4.1.2):
    - "GoogleToolboxForMac/NSDictionary+URLArguments (~> 2.1)"
    - "GoogleToolboxForMac/NSString+URLArguments (~> 2.1)"
    - GTMOAuth2 (~> 1.0)
    - GTMSessionFetcher/Core (~> 1.1)
  - GoogleToolboxForMac/DebugUtils (2.1.4):
    - GoogleToolboxForMac/Defines (= 2.1.4)
  - GoogleToolboxForMac/Defines (2.1.4)
  - "GoogleToolboxForMac/NSData+zlib (2.1.4)":
    - GoogleToolboxForMac/Defines (= 2.1.4)
  - "GoogleToolboxForMac/NSDictionary+URLArguments (2.1.4)":
    - GoogleToolboxForMac/DebugUtils (= 2.1.4)
    - GoogleToolboxForMac/Defines (= 2.1.4)
    - "GoogleToolboxForMac/NSString+URLArguments (= 2.1.4)"
  - "GoogleToolboxForMac/NSString+URLArguments (2.1.4)"
  - GTMOAuth2 (1.1.6):
    - GTMSessionFetcher (~> 1.1)
  - GTMSessionFetcher (1.1.15):
    - GTMSessionFetcher/Full (= 1.1.15)
  - GTMSessionFetcher/Core (1.1.15)
  - GTMSessionFetcher/Full (1.1.15):
    - GTMSessionFetcher/Core (= 1.1.15)
  - image_picker (0.0.1):
    - Flutter

DEPENDENCIES:
  - firebase_analytics (from `/Users/nkululekothangelane/development/flutter/.pub-cache/hosted/pub.dartlang.org/firebase_analytics-0.0.4/ios`)
  - firebase_auth (from `/Users/nkululekothangelane/development/flutter/.pub-cache/hosted/pub.dartlang.org/firebase_auth-0.1.1/ios`)
  - firebase_database (from `/Users/nkululekothangelane/development/flutter/.pub-cache/hosted/pub.dartlang.org/firebase_database-0.0.12/ios`)
  - firebase_storage (from `/Users/nkululekothangelane/development/flutter/.pub-cache/hosted/pub.dartlang.org/firebase_storage-0.0.5/ios`)
  - Flutter (from `/Users/nkululekothangelane/development/flutter/bin/cache/artifacts/engine/ios`)
  - google_sign_in (from `/Users/nkululekothangelane/development/flutter/.pub-cache/hosted/pub.dartlang.org/google_sign_in-0.3.1/ios`)
  - image_picker (from `/Users/nkululekothangelane/development/flutter/.pub-cache/hosted/pub.dartlang.org/image_picker-0.1.1/ios`)

SPEC REPOS:
  https://github.com/cocoapods/specs.git:
    - Firebase
    - FirebaseAnalytics
    - FirebaseAuth
    - FirebaseCore
    - FirebaseDatabase
    - FirebaseInstanceID
    - FirebaseStorage
    - FirebaseUI
    - Google
    - GoogleSignIn
    - GoogleToolboxForMac
    - GTMOAuth2
    - GTMSessionFetcher

EXTERNAL SOURCES:
  firebase_analytics:
    :path: "/Users/nkululekothangelane/development/flutter/.pub-cache/hosted/pub.dartlang.org/firebase_analytics-0.0.4/ios"
  firebase_auth:
    :path: "/Users/nkululekothangelane/development/flutter/.pub-cache/hosted/pub.dartlang.org/firebase_auth-0.1.1/ios"
  firebase_database:
    :path: "/Users/nkululekothangelane/development/flutter/.pub-cache/hosted/pub.dartlang.org/firebase_database-0.0.12/ios"
  firebase_storage:
    :path: "/Users/nkululekothangelane/development/flutter/.pub-cache/hosted/pub.dartlang.org/firebase_storage-0.0.5/ios"
  Flutter:
    :path: "/Users/nkululekothangelane/development/flutter/bin/cache/artifacts/engine/ios"
  google_sign_in:
    :path: "/Users/nkululekothangelane/development/flutter/.pub-cache/hosted/pub.dartlang.org/google_sign_in-0.3.1/ios"
  image_picker:
    :path: "/Users/nkululekothangelane/development/flutter/.pub-cache/hosted/pub.dartlang.org/image_picker-0.1.1/ios"

SPEC CHECKSUMS:
  Firebase: 4b66b5b59c43edac745b87f0c87e42cdd0279c13
  firebase_analytics: 8f2570c7175ac9e1138e0b6e3451860da0f76b5f
  firebase_auth: 3bd59bb0b230427fd396ebccdf7511a79329ed7b
  firebase_database: a5b2f9b0ebc0522135032c93000d0c1184116eb1
  firebase_storage: d160b0c01316d9c54e4c1d99e318cbbc638746d1
  FirebaseAnalytics: e5fe8486efc01bec33f6bf82e2fa9fce4b124052
  FirebaseAuth: cc8a1824170adbd351edb7f994490a3fb5c18be6
  FirebaseCore: 9691ee2ade70c098d7cf92440f4303f16d83ca75
  FirebaseDatabase: 05c96d7b43a7368dc91c07791adb49683e1738d1
  FirebaseInstanceID: b9eedd6846fb5e1f0f7279e1deaa7a7e4cf8392e
  FirebaseStorage: a5c55b23741a49a72af8f30f95b3bb5ddbeda12d
  FirebaseUI: 6e99ff95e369f5858232e4f65bff215458fe8469
  Flutter: 9d0fac939486c9aba2809b7982dfdbb47a7b0296
  Google: 98da4b1a60ed0beb80a290387a28333406a1eb90
  google_sign_in: 4efa54380d5ef07e98a58fb24c8a7f9c51867222
  GoogleSignIn: d9ef55b10f0aa401a5de2747f59b725e4b9732ac
  GoogleToolboxForMac: 91c824d21e85b31c2aae9bb011c5027c9b4e738f
  GTMOAuth2: c77fe325e4acd453837e72d91e3b5f13116857b2
  GTMSessionFetcher: 5fa5b80fd20e439ef5f545fb2cb3ca6c6714caa2
  image_picker: ee00aab0487cedc80a304085219503cc6d0f2e22

PODFILE CHECKSUM: 351e02e34b831289961ec3558a535cbd2c4965d2

COCOAPODS: 1.5.2
